
Microsoft Visual Studio Solution File, Format Version 12.00
# Visual Studio 15
VisualStudioVersion = 15.0.26323.1
MinimumVisualStudioVersion = 10.0.40219.1
Project("{FAE04EC0-301F-11D3-BF4B-00C04F79EFBC}") = "Colibri", "Colibri\Colibri.csproj", "{B0345B62-25A9-40D2-8211-B9E2B087E067}"
EndProject
Project("{2150E333-8FDC-42A3-9474-1A3956D46DE8}") = "libs", "libs", "{C55C2A01-70A3-46A5-A2CC-90D027E5A32D}"
EndProject
Project("{2150E333-8FDC-42A3-9474-1A3956D46DE8}") = "Tasks", "Tasks", "{CC9C5EF3-6AFC-4B3C-87DC-652A4702A516}"
EndProject
Project("{FAE04EC0-301F-11D3-BF4B-00C04F79EFBC}") = "BackgroundTasks", "Tasks\BackgroundTasks\BackgroundTasks.csproj", "{AE494EAD-BB67-4809-90BD-CE1A241B2192}"
EndProject
Project("{FAE04EC0-301F-11D3-BF4B-00C04F79EFBC}") = "Jupiter.UWP", "Jupiter\Jupiter.UWP\Jupiter.UWP.csproj", "{51F9F331-1237-4D09-B8B7-EB00BE730C19}"
EndProject
Project("{FAE04EC0-301F-11D3-BF4B-00C04F79EFBC}") = "VkLib", "VkLib\VkLib.csproj", "{53A806D8-1A75-41E3-B672-C75639E4C7A3}"
EndProject
Global
	GlobalSection(SolutionConfigurationPlatforms) = preSolution
		Debug|ARM = Debug|ARM
		Debug|x64 = Debug|x64
		Debug|x86 = Debug|x86
		Release|ARM = Release|ARM
		Release|x64 = Release|x64
		Release|x86 = Release|x86
	EndGlobalSection
	GlobalSection(ProjectConfigurationPlatforms) = postSolution
		{B0345B62-25A9-40D2-8211-B9E2B087E067}.Debug|ARM.ActiveCfg = Debug|ARM
		{B0345B62-25A9-40D2-8211-B9E2B087E067}.Debug|ARM.Build.0 = Debug|ARM
		{B0345B62-25A9-40D2-8211-B9E2B087E067}.Debug|ARM.Deploy.0 = Debug|ARM
		{B0345B62-25A9-40D2-8211-B9E2B087E067}.Debug|x64.ActiveCfg = Debug|x64
		{B0345B62-25A9-40D2-8211-B9E2B087E067}.Debug|x64.Build.0 = Debug|x64
		{B0345B62-25A9-40D2-8211-B9E2B087E067}.Debug|x64.Deploy.0 = Debug|x64
		{B0345B62-25A9-40D2-8211-B9E2B087E067}.Debug|x86.ActiveCfg = Debug|x86
		{B0345B62-25A9-40D2-8211-B9E2B087E067}.Debug|x86.Build.0 = Debug|x86
		{B0345B62-25A9-40D2-8211-B9E2B087E067}.Debug|x86.Deploy.0 = Debug|x86
		{B0345B62-25A9-40D2-8211-B9E2B087E067}.Release|ARM.ActiveCfg = Release|ARM
		{B0345B62-25A9-40D2-8211-B9E2B087E067}.Release|ARM.Build.0 = Release|ARM
		{B0345B62-25A9-40D2-8211-B9E2B087E067}.Release|ARM.Deploy.0 = Release|ARM
		{B0345B62-25A9-40D2-8211-B9E2B087E067}.Release|x64.ActiveCfg = Release|x64
		{B0345B62-25A9-40D2-8211-B9E2B087E067}.Release|x64.Build.0 = Release|x64
		{B0345B62-25A9-40D2-8211-B9E2B087E067}.Release|x64.Deploy.0 = Release|x64
		{B0345B62-25A9-40D2-8211-B9E2B087E067}.Release|x86.ActiveCfg = Release|x86
		{B0345B62-25A9-40D2-8211-B9E2B087E067}.Release|x86.Build.0 = Release|x86
		{B0345B62-25A9-40D2-8211-B9E2B087E067}.Release|x86.Deploy.0 = Release|x86
		{AE494EAD-BB67-4809-90BD-CE1A241B2192}.Debug|ARM.ActiveCfg = Debug|ARM
		{AE494EAD-BB67-4809-90BD-CE1A241B2192}.Debug|ARM.Build.0 = Debug|ARM
		{AE494EAD-BB67-4809-90BD-CE1A241B2192}.Debug|x64.ActiveCfg = Debug|x64
		{AE494EAD-BB67-4809-90BD-CE1A241B2192}.Debug|x64.Build.0 = Debug|x64
		{AE494EAD-BB67-4809-90BD-CE1A241B2192}.Debug|x86.ActiveCfg = Debug|x86
		{AE494EAD-BB67-4809-90BD-CE1A241B2192}.Debug|x86.Build.0 = Debug|x86
		{AE494EAD-BB67-4809-90BD-CE1A241B2192}.Release|ARM.ActiveCfg = Release|ARM
		{AE494EAD-BB67-4809-90BD-CE1A241B2192}.Release|ARM.Build.0 = Release|ARM
		{AE494EAD-BB67-4809-90BD-CE1A241B2192}.Release|x64.ActiveCfg = Release|x64
		{AE494EAD-BB67-4809-90BD-CE1A241B2192}.Release|x64.Build.0 = Release|x64
		{AE494EAD-BB67-4809-90BD-CE1A241B2192}.Release|x86.ActiveCfg = Release|x86
		{AE494EAD-BB67-4809-90BD-CE1A241B2192}.Release|x86.Build.0 = Release|x86
		{51F9F331-1237-4D09-B8B7-EB00BE730C19}.Debug|ARM.ActiveCfg = Debug|ARM
		{51F9F331-1237-4D09-B8B7-EB00BE730C19}.Debug|ARM.Build.0 = Debug|ARM
		{51F9F331-1237-4D09-B8B7-EB00BE730C19}.Debug|x64.ActiveCfg = Debug|x64
		{51F9F331-1237-4D09-B8B7-EB00BE730C19}.Debug|x64.Build.0 = Debug|x64
		{51F9F331-1237-4D09-B8B7-EB00BE730C19}.Debug|x86.ActiveCfg = Debug|x86
		{51F9F331-1237-4D09-B8B7-EB00BE730C19}.Debug|x86.Build.0 = Debug|x86
		{51F9F331-1237-4D09-B8B7-EB00BE730C19}.Release|ARM.ActiveCfg = Release|ARM
		{51F9F331-1237-4D09-B8B7-EB00BE730C19}.Release|ARM.Build.0 = Release|ARM
		{51F9F331-1237-4D09-B8B7-EB00BE730C19}.Release|x64.ActiveCfg = Release|x64
		{51F9F331-1237-4D09-B8B7-EB00BE730C19}.Release|x64.Build.0 = Release|x64
		{51F9F331-1237-4D09-B8B7-EB00BE730C19}.Release|x86.ActiveCfg = Release|x86
		{51F9F331-1237-4D09-B8B7-EB00BE730C19}.Release|x86.Build.0 = Release|x86
		{53A806D8-1A75-41E3-B672-C75639E4C7A3}.Debug|ARM.ActiveCfg = Debug|ARM
		{53A806D8-1A75-41E3-B672-C75639E4C7A3}.Debug|ARM.Build.0 = Debug|ARM
		{53A806D8-1A75-41E3-B672-C75639E4C7A3}.Debug|x64.ActiveCfg = Debug|x64
		{53A806D8-1A75-41E3-B672-C75639E4C7A3}.Debug|x64.Build.0 = Debug|x64
		{53A806D8-1A75-41E3-B672-C75639E4C7A3}.Debug|x86.ActiveCfg = Debug|x86
		{53A806D8-1A75-41E3-B672-C75639E4C7A3}.Debug|x86.Build.0 = Debug|x86
		{53A806D8-1A75-41E3-B672-C75639E4C7A3}.Release|ARM.ActiveCfg = Release|ARM
		{53A806D8-1A75-41E3-B672-C75639E4C7A3}.Release|ARM.Build.0 = Release|ARM
		{53A806D8-1A75-41E3-B672-C75639E4C7A3}.Release|x64.ActiveCfg = Release|x64
		{53A806D8-1A75-41E3-B672-C75639E4C7A3}.Release|x64.Build.0 = Release|x64
		{53A806D8-1A75-41E3-B672-C75639E4C7A3}.Release|x86.ActiveCfg = Release|x86
		{53A806D8-1A75-41E3-B672-C75639E4C7A3}.Release|x86.Build.0 = Release|x86
	EndGlobalSection
	GlobalSection(SolutionProperties) = preSolution
		HideSolutionNode = FALSE
	EndGlobalSection
	GlobalSection(NestedProjects) = preSolution
		{AE494EAD-BB67-4809-90BD-CE1A241B2192} = {CC9C5EF3-6AFC-4B3C-87DC-652A4702A516}
		{51F9F331-1237-4D09-B8B7-EB00BE730C19} = {C55C2A01-70A3-46A5-A2CC-90D027E5A32D}
		{53A806D8-1A75-41E3-B672-C75639E4C7A3} = {C55C2A01-70A3-46A5-A2CC-90D027E5A32D}
	EndGlobalSection
EndGlobal
